PODS:
  - SDWebImage (5.0.2):
    - SDWebImage/Core (= 5.0.2)
  - SDWebImage/Core (5.0.2)
  - SDWebImagePDFCoder (0.2.0):
    - SDWebImage (~> 5.0)

DEPENDENCIES:
  - SDWebImagePDFCoder (from `../`)

SPEC REPOS:
  https://github.com/cocoapods/specs.git:
    - SDWebImage

EXTERNAL SOURCES:
  SDWebImagePDFCoder:
    :path: "../"

SPEC CHECKSUMS:
  SDWebImage: 6764b5fa0f73c203728052955dbefa2bf1f33282
  SDWebImagePDFCoder: e980f143f97ff0bf8366a4b74d0acb50f0c9d8b6

PODFILE CHECKSUM: 13cc95bf609e99946808ed65a198e32a645f3acd

COCOAPODS: 1.6.1
