PODS:
  - SDWebImage (5.0.0-beta3):
    - SDWebImage/Core (= 5.0.0-beta3)
  - SDWebImage/Core (5.0.0-beta3)
  - SDWebImagePDFCoder (0.1.0):
    - SDWebImage (>= 5.0.0-beta)

DEPENDENCIES:
  - SDWebImagePDFCoder (from `../`)

SPEC REPOS:
  https://github.com/cocoapods/specs.git:
    - SDWebImage

EXTERNAL SOURCES:
  SDWebImagePDFCoder:
    :path: "../"

SPEC CHECKSUMS:
  SDWebImage: e52654ceef9fdc19f4c612d64a5b6d3f05dd81a4
  SDWebImagePDFCoder: 28c0027dc67eb64633ae824166cc0af35ee6fb22

PODFILE CHECKSUM: ca5230ad7b6978adc4f1bdf02b8a0ba3005b984b

COCOAPODS: 1.5.3
